
Microsoft Visual Studio Solution File, Format Version 12.00
# Visual Studio Version 16
VisualStudioVersion = 16.0.30114.105
MinimumVisualStudioVersion = 10.0.40219.1
Project("{2150E333-8FDC-42A3-9474-1A3956D46DE8}") = "domain", "domain", "{B9FE6C6B-AA63-4292-AEAA-84FCE77F3B7B}"
EndProject
Project("{FAE04EC0-301F-11D3-BF4B-00C04F79EFBC}") = "Store", "domain\Store\Store.csproj", "{5BA0AA6B-F0DB-4A52-A81E-9593D9ABE213}"
EndProject
Project("{2150E333-8FDC-42A3-9474-1A3956D46DE8}") = "infrastructure", "infrastructure", "{0FFC8315-BEB8-4F82-8F6F-634E4325C3B6}"
EndProject
Project("{FAE04EC0-301F-11D3-BF4B-00C04F79EFBC}") = "Store.Memory", "infrastructure\Store.Memory\Store.Memory.csproj", "{BE26728F-F8C7-4B04-9587-F8852A645686}"
EndProject
Project("{2150E333-8FDC-42A3-9474-1A3956D46DE8}") = "presentation", "presentation", "{C4AFE29B-F767-41C1-98E5-8D4EC33B3B58}"
EndProject
Project("{FAE04EC0-301F-11D3-BF4B-00C04F79EFBC}") = "Store.Web", "presentation\Store.Web\Store.Web.csproj", "{00FB0450-DCA6-408A-9EBF-4DEBED5324D4}"
EndProject
Project("{FAE04EC0-301F-11D3-BF4B-00C04F79EFBC}") = "Store.Tests", "domain\Store.Tests\Store.Tests.csproj", "{887F96C7-6D06-4C28-92B2-B2E931448386}"
EndProject
Global
	GlobalSection(SolutionConfigurationPlatforms) = preSolution
		Debug|Any CPU = Debug|Any CPU
		Release|Any CPU = Release|Any CPU
	EndGlobalSection
	GlobalSection(SolutionProperties) = preSolution
		HideSolutionNode = FALSE
	EndGlobalSection
	GlobalSection(ProjectConfigurationPlatforms) = postSolution
		{5BA0AA6B-F0DB-4A52-A81E-9593D9ABE213}.Debug|Any CPU.ActiveCfg = Debug|Any CPU
		{5BA0AA6B-F0DB-4A52-A81E-9593D9ABE213}.Debug|Any CPU.Build.0 = Debug|Any CPU
		{5BA0AA6B-F0DB-4A52-A81E-9593D9ABE213}.Release|Any CPU.ActiveCfg = Release|Any CPU
		{5BA0AA6B-F0DB-4A52-A81E-9593D9ABE213}.Release|Any CPU.Build.0 = Release|Any CPU
		{BE26728F-F8C7-4B04-9587-F8852A645686}.Debug|Any CPU.ActiveCfg = Debug|Any CPU
		{BE26728F-F8C7-4B04-9587-F8852A645686}.Debug|Any CPU.Build.0 = Debug|Any CPU
		{BE26728F-F8C7-4B04-9587-F8852A645686}.Release|Any CPU.ActiveCfg = Release|Any CPU
		{BE26728F-F8C7-4B04-9587-F8852A645686}.Release|Any CPU.Build.0 = Release|Any CPU
		{00FB0450-DCA6-408A-9EBF-4DEBED5324D4}.Debug|Any CPU.ActiveCfg = Debug|Any CPU
		{00FB0450-DCA6-408A-9EBF-4DEBED5324D4}.Debug|Any CPU.Build.0 = Debug|Any CPU
		{00FB0450-DCA6-408A-9EBF-4DEBED5324D4}.Release|Any CPU.ActiveCfg = Release|Any CPU
		{00FB0450-DCA6-408A-9EBF-4DEBED5324D4}.Release|Any CPU.Build.0 = Release|Any CPU
		{887F96C7-6D06-4C28-92B2-B2E931448386}.Debug|Any CPU.ActiveCfg = Debug|Any CPU
		{887F96C7-6D06-4C28-92B2-B2E931448386}.Debug|Any CPU.Build.0 = Debug|Any CPU
		{887F96C7-6D06-4C28-92B2-B2E931448386}.Release|Any CPU.ActiveCfg = Release|Any CPU
		{887F96C7-6D06-4C28-92B2-B2E931448386}.Release|Any CPU.Build.0 = Release|Any CPU
	EndGlobalSection
	GlobalSection(NestedProjects) = preSolution
		{5BA0AA6B-F0DB-4A52-A81E-9593D9ABE213} = {B9FE6C6B-AA63-4292-AEAA-84FCE77F3B7B}
		{BE26728F-F8C7-4B04-9587-F8852A645686} = {0FFC8315-BEB8-4F82-8F6F-634E4325C3B6}
		{00FB0450-DCA6-408A-9EBF-4DEBED5324D4} = {C4AFE29B-F767-41C1-98E5-8D4EC33B3B58}
		{887F96C7-6D06-4C28-92B2-B2E931448386} = {B9FE6C6B-AA63-4292-AEAA-84FCE77F3B7B}
	EndGlobalSection
EndGlobal
